
Microsoft Visual Studio Solution File, Format Version 12.00
# Visual Studio 15
VisualStudioVersion = 15.0.26430.12
MinimumVisualStudioVersion = 10.0.40219.1
Project("{FAE04EC0-301F-11D3-BF4B-00C04F79EFBC}") = "MichaelBrandonMorris.KingsportMillSafetyTraining", "MichaelBrandonMorris.KingsportMillSafetyTraining\MichaelBrandonMorris.KingsportMillSafetyTraining.csproj", "{74B9759E-1EC1-4E90-A448-54D3B98EBA8E}"
EndProject
Project("{FAE04EC0-301F-11D3-BF4B-00C04F79EFBC}") = "MichaelBrandonMorris.KingsportMillSafetyTraining.Tests", "MichaelBrandonMorris.KingsportMillSafetyTraining.Tests\MichaelBrandonMorris.KingsportMillSafetyTraining.Tests.csproj", "{766C1AEB-0764-43E1-A73B-05A3005F9A44}"
EndProject
Project("{FAE04EC0-301F-11D3-BF4B-00C04F79EFBC}") = "MichaelBrandonMorris.KingsportMillSafetyTraining.Db", "MichaelBrandonMorris.KingsportMillSafetyTraining.Db\MichaelBrandonMorris.KingsportMillSafetyTraining.Db.csproj", "{6021CA89-DFCF-49D0-9FB8-E3141738CA8F}"
EndProject
Project("{2150E333-8FDC-42A3-9474-1A3956D46DE8}") = "Solution Items", "Solution Items", "{2A2B8E4E-3E82-45A6-96BA-6F15CAE117E1}"
	ProjectSection(SolutionItems) = preProject
		index.html = index.html
	EndProjectSection
EndProject
Global
	GlobalSection(SolutionConfigurationPlatforms) = preSolution
		Debug|Any CPU = Debug|Any CPU
		Release|Any CPU = Release|Any CPU
	EndGlobalSection
	GlobalSection(ProjectConfigurationPlatforms) = postSolution
		{74B9759E-1EC1-4E90-A448-54D3B98EBA8E}.Debug|Any CPU.ActiveCfg = Debug|Any CPU
		{74B9759E-1EC1-4E90-A448-54D3B98EBA8E}.Debug|Any CPU.Build.0 = Debug|Any CPU
		{74B9759E-1EC1-4E90-A448-54D3B98EBA8E}.Release|Any CPU.ActiveCfg = Release|Any CPU
		{74B9759E-1EC1-4E90-A448-54D3B98EBA8E}.Release|Any CPU.Build.0 = Release|Any CPU
		{766C1AEB-0764-43E1-A73B-05A3005F9A44}.Debug|Any CPU.ActiveCfg = Debug|Any CPU
		{766C1AEB-0764-43E1-A73B-05A3005F9A44}.Debug|Any CPU.Build.0 = Debug|Any CPU
		{766C1AEB-0764-43E1-A73B-05A3005F9A44}.Release|Any CPU.ActiveCfg = Release|Any CPU
		{766C1AEB-0764-43E1-A73B-05A3005F9A44}.Release|Any CPU.Build.0 = Release|Any CPU
		{6021CA89-DFCF-49D0-9FB8-E3141738CA8F}.Debug|Any CPU.ActiveCfg = Debug|Any CPU
		{6021CA89-DFCF-49D0-9FB8-E3141738CA8F}.Debug|Any CPU.Build.0 = Debug|Any CPU
		{6021CA89-DFCF-49D0-9FB8-E3141738CA8F}.Release|Any CPU.ActiveCfg = Release|Any CPU
		{6021CA89-DFCF-49D0-9FB8-E3141738CA8F}.Release|Any CPU.Build.0 = Release|Any CPU
	EndGlobalSection
	GlobalSection(SolutionProperties) = preSolution
		HideSolutionNode = FALSE
	EndGlobalSection
EndGlobal
